
Microsoft Visual Studio Solution File, Format Version 12.00
# Visual Studio Version 17
VisualStudioVersion = 17.4.33110.190
MinimumVisualStudioVersion = 10.0.40219.1
Project("{2150E333-8FDC-42A3-9474-1A3956D46DE8}") = "Solution Items", "Solution Items", "{BDFEA551-8D90-46AE-8004-CD6C6C4E388A}"
	ProjectSection(SolutionItems) = preProject
		.gitignore = .gitignore
		LICENSE = LICENSE
		README.md = README.md
	EndProjectSection
EndProject
Project("{2150E333-8FDC-42A3-9474-1A3956D46DE8}") = "Documentation", "Documentation", "{F11F0CCD-339D-40D2-95C1-25193E570E89}"
	ProjectSection(SolutionItems) = preProject
		Documentation\A.txt = Documentation\A.txt
	EndProjectSection
EndProject
Project("{2150E333-8FDC-42A3-9474-1A3956D46DE8}") = "Source", "Source", "{2D7E825A-E1D9-4E64-81E3-7F55892073DF}"
EndProject
Project("{2150E333-8FDC-42A3-9474-1A3956D46DE8}") = "Tests", "Tests", "{C541094C-DE30-4A7F-98F8-C2176CFCECA3}"
	ProjectSection(SolutionItems) = preProject
		Tests\C.txt = Tests\C.txt
	EndProjectSection
EndProject
Project("{9A19103F-16F7-4668-BE54-9A1E7A4F7556}") = "HeaderFooter.Lib", "HeaderFooter.Lib\HeaderFooter.Lib.csproj", "{B2CAB671-4CFA-42A1-842C-D034E0C11D9A}"
EndProject
Project("{2150E333-8FDC-42A3-9474-1A3956D46DE8}") = "ForLoops", "ForLoops", "{0CC96029-4428-465E-A6E8-7F4CFD45F310}"
EndProject
Project("{2150E333-8FDC-42A3-9474-1A3956D46DE8}") = "WhileLoops", "WhileLoops", "{661CB5CA-747C-4331-AA2C-3AFA326A15D6}"
EndProject
Project("{2150E333-8FDC-42A3-9474-1A3956D46DE8}") = "ForeachLoops", "ForeachLoops", "{F71242BD-F6C3-4AD5-BA81-ACAAE156678B}"
EndProject
Project("{2150E333-8FDC-42A3-9474-1A3956D46DE8}") = "Common", "Common", "{504FF1C7-83A4-4F11-B546-E25ACDD76A8F}"
EndProject
Project("{FAE04EC0-301F-11D3-BF4B-00C04F79EFBC}") = "NamesGenerator.Lib", "NamesGenerator.Lib\NamesGenerator.Lib.csproj", "{69452451-CBDD-437A-AE97-28FEE377F5EA}"
EndProject
Global
	GlobalSection(SolutionConfigurationPlatforms) = preSolution
		Debug|Any CPU = Debug|Any CPU
		Release|Any CPU = Release|Any CPU
	EndGlobalSection
	GlobalSection(ProjectConfigurationPlatforms) = postSolution
		{B2CAB671-4CFA-42A1-842C-D034E0C11D9A}.Debug|Any CPU.ActiveCfg = Debug|Any CPU
		{B2CAB671-4CFA-42A1-842C-D034E0C11D9A}.Debug|Any CPU.Build.0 = Debug|Any CPU
		{B2CAB671-4CFA-42A1-842C-D034E0C11D9A}.Release|Any CPU.ActiveCfg = Release|Any CPU
		{B2CAB671-4CFA-42A1-842C-D034E0C11D9A}.Release|Any CPU.Build.0 = Release|Any CPU
		{69452451-CBDD-437A-AE97-28FEE377F5EA}.Debug|Any CPU.ActiveCfg = Debug|Any CPU
		{69452451-CBDD-437A-AE97-28FEE377F5EA}.Debug|Any CPU.Build.0 = Debug|Any CPU
		{69452451-CBDD-437A-AE97-28FEE377F5EA}.Release|Any CPU.ActiveCfg = Release|Any CPU
		{69452451-CBDD-437A-AE97-28FEE377F5EA}.Release|Any CPU.Build.0 = Release|Any CPU
	EndGlobalSection
	GlobalSection(SolutionProperties) = preSolution
		HideSolutionNode = FALSE
	EndGlobalSection
	GlobalSection(NestedProjects) = preSolution
		{B2CAB671-4CFA-42A1-842C-D034E0C11D9A} = {504FF1C7-83A4-4F11-B546-E25ACDD76A8F}
		{0CC96029-4428-465E-A6E8-7F4CFD45F310} = {2D7E825A-E1D9-4E64-81E3-7F55892073DF}
		{661CB5CA-747C-4331-AA2C-3AFA326A15D6} = {2D7E825A-E1D9-4E64-81E3-7F55892073DF}
		{F71242BD-F6C3-4AD5-BA81-ACAAE156678B} = {2D7E825A-E1D9-4E64-81E3-7F55892073DF}
		{504FF1C7-83A4-4F11-B546-E25ACDD76A8F} = {2D7E825A-E1D9-4E64-81E3-7F55892073DF}
		{69452451-CBDD-437A-AE97-28FEE377F5EA} = {504FF1C7-83A4-4F11-B546-E25ACDD76A8F}
	EndGlobalSection
	GlobalSection(ExtensibilityGlobals) = postSolution
		SolutionGuid = {482E1E36-68AD-4904-A1B0-54F8BF596D06}
	EndGlobalSection
EndGlobal
